
Microsoft Visual Studio Solution File, Format Version 12.00
# Visual Studio 15
VisualStudioVersion = 15.0.27428.2043
MinimumVisualStudioVersion = 10.0.40219.1
Project("{FAE04EC0-301F-11D3-BF4B-00C04F79EFBC}") = "Harjoitus_1_1", "Harjoitus_1_1\Harjoitus_1_1.csproj", "{1520442E-A883-49C9-A038-421A878D07D4}"
EndProject
Project("{FAE04EC0-301F-11D3-BF4B-00C04F79EFBC}") = "Harjoitus_1_2", "..\Harjoitus_1_2\Harjoitus_1_2.csproj", "{DE85190B-D732-4CA6-B7B7-BA7F2809E2E4}"
EndProject
Project("{FAE04EC0-301F-11D3-BF4B-00C04F79EFBC}") = "Harjoitus_2_4-5", "..\Harjoitus_2_4-5\Harjoitus_2_4-5.csproj", "{78FDD1C1-3820-486E-89BE-E615F03DE8B4}"
EndProject
Project("{FAE04EC0-301F-11D3-BF4B-00C04F79EFBC}") = "Harjoitus_3_6", "..\Harjoitus_3_6\Harjoitus_3_6.csproj", "{1474A7EC-AFF2-486B-9646-A4BD63B2C816}"
EndProject
Project("{FAE04EC0-301F-11D3-BF4B-00C04F79EFBC}") = "Harjoitus_3_7", "..\Harjoitus_3_7\Harjoitus_3_7.csproj", "{BC073E22-E2E8-4399-B090-A6E2001D6992}"
EndProject
Project("{FAE04EC0-301F-11D3-BF4B-00C04F79EFBC}") = "Harjoitus_4_8", "..\Harjoitus_4_8\Harjoitus_4_8.csproj", "{67215ABF-42CD-4892-BE5A-771DFDDD6163}"
EndProject
Global
	GlobalSection(SolutionConfigurationPlatforms) = preSolution
		Debug|Any CPU = Debug|Any CPU
		Release|Any CPU = Release|Any CPU
	EndGlobalSection
	GlobalSection(ProjectConfigurationPlatforms) = postSolution
		{1520442E-A883-49C9-A038-421A878D07D4}.Debug|Any CPU.ActiveCfg = Debug|Any CPU
		{1520442E-A883-49C9-A038-421A878D07D4}.Debug|Any CPU.Build.0 = Debug|Any CPU
		{1520442E-A883-49C9-A038-421A878D07D4}.Release|Any CPU.ActiveCfg = Release|Any CPU
		{1520442E-A883-49C9-A038-421A878D07D4}.Release|Any CPU.Build.0 = Release|Any CPU
		{DE85190B-D732-4CA6-B7B7-BA7F2809E2E4}.Debug|Any CPU.ActiveCfg = Debug|Any CPU
		{DE85190B-D732-4CA6-B7B7-BA7F2809E2E4}.Debug|Any CPU.Build.0 = Debug|Any CPU
		{DE85190B-D732-4CA6-B7B7-BA7F2809E2E4}.Release|Any CPU.ActiveCfg = Release|Any CPU
		{DE85190B-D732-4CA6-B7B7-BA7F2809E2E4}.Release|Any CPU.Build.0 = Release|Any CPU
		{78FDD1C1-3820-486E-89BE-E615F03DE8B4}.Debug|Any CPU.ActiveCfg = Debug|Any CPU
		{78FDD1C1-3820-486E-89BE-E615F03DE8B4}.Debug|Any CPU.Build.0 = Debug|Any CPU
		{78FDD1C1-3820-486E-89BE-E615F03DE8B4}.Release|Any CPU.ActiveCfg = Release|Any CPU
		{78FDD1C1-3820-486E-89BE-E615F03DE8B4}.Release|Any CPU.Build.0 = Release|Any CPU
		{1474A7EC-AFF2-486B-9646-A4BD63B2C816}.Debug|Any CPU.ActiveCfg = Debug|Any CPU
		{1474A7EC-AFF2-486B-9646-A4BD63B2C816}.Debug|Any CPU.Build.0 = Debug|Any CPU
		{1474A7EC-AFF2-486B-9646-A4BD63B2C816}.Release|Any CPU.ActiveCfg = Release|Any CPU
		{1474A7EC-AFF2-486B-9646-A4BD63B2C816}.Release|Any CPU.Build.0 = Release|Any CPU
		{BC073E22-E2E8-4399-B090-A6E2001D6992}.Debug|Any CPU.ActiveCfg = Debug|Any CPU
		{BC073E22-E2E8-4399-B090-A6E2001D6992}.Debug|Any CPU.Build.0 = Debug|Any CPU
		{BC073E22-E2E8-4399-B090-A6E2001D6992}.Release|Any CPU.ActiveCfg = Release|Any CPU
		{BC073E22-E2E8-4399-B090-A6E2001D6992}.Release|Any CPU.Build.0 = Release|Any CPU
		{67215ABF-42CD-4892-BE5A-771DFDDD6163}.Debug|Any CPU.ActiveCfg = Debug|Any CPU
		{67215ABF-42CD-4892-BE5A-771DFDDD6163}.Debug|Any CPU.Build.0 = Debug|Any CPU
		{67215ABF-42CD-4892-BE5A-771DFDDD6163}.Release|Any CPU.ActiveCfg = Release|Any CPU
		{67215ABF-42CD-4892-BE5A-771DFDDD6163}.Release|Any CPU.Build.0 = Release|Any CPU
	EndGlobalSection
	GlobalSection(SolutionProperties) = preSolution
		HideSolutionNode = FALSE
	EndGlobalSection
	GlobalSection(ExtensibilityGlobals) = postSolution
		SolutionGuid = {979C28E6-CF9E-40E9-BD14-4D112537D8B2}
	EndGlobalSection
EndGlobal
